
Microsoft Visual Studio Solution File, Format Version 12.00
# Visual Studio Version 16
VisualStudioVersion = 16.0.31624.102
MinimumVisualStudioVersion = 10.0.40219.1
Project("{FAE04EC0-301F-11D3-BF4B-00C04F79EFBC}") = "WanderTheWasteland", "WanderTheWasteland\WanderTheWasteland.csproj", "{BD78A8EE-8D42-41B0-8784-C3E66531C075}"
EndProject
Global
	GlobalSection(SolutionConfigurationPlatforms) = preSolution
		Debug|Any CPU = Debug|Any CPU
		Release|Any CPU = Release|Any CPU
	EndGlobalSection
	GlobalSection(ProjectConfigurationPlatforms) = postSolution
		{BD78A8EE-8D42-41B0-8784-C3E66531C075}.Debug|Any CPU.ActiveCfg = Debug|Any CPU
		{BD78A8EE-8D42-41B0-8784-C3E66531C075}.Debug|Any CPU.Build.0 = Debug|Any CPU
		{BD78A8EE-8D42-41B0-8784-C3E66531C075}.Release|Any CPU.ActiveCfg = Release|Any CPU
		{BD78A8EE-8D42-41B0-8784-C3E66531C075}.Release|Any CPU.Build.0 = Release|Any CPU
	EndGlobalSection
	GlobalSection(SolutionProperties) = preSolution
		HideSolutionNode = FALSE
	EndGlobalSection
	GlobalSection(ExtensibilityGlobals) = postSolution
		SolutionGuid = {79839EEC-A09C-4A33-A65C-68ABD3101C22}
	EndGlobalSection
EndGlobal
